{
  "originHash" : "323ce7e1242f1c89b4008fe7712177a9b32f74155127717640d7a8374c534671",
  "pins" : [
    {
      "identity" : "raster",
      "kind" : "remoteSourceControl",
      "location" : "https://github.com/Ray-D-Song/raster",
      "state" : {
        "revision" : "15200c05fe2a0452260a01040b7bc2ac79117609",
        "version" : "0.1.0-alpha.13"
      }
    }
  ],
  "version" : 3
}
